PODS:
  - boost (1.76.0)
  - CocoaAsyncSocket (7.6.5)
  - DoubleConversion (1.1.6)
  - FBLazyVector (1000.0.0)
  - FBReactNativeSpec (1000.0.0):
    - RCT-Folly (= 2021.07.22.00)
    - RCTRequired (= 1000.0.0)
    - RCTTypeSafety (= 1000.0.0)
    - React-Core (= 1000.0.0)
    - React-jsi (= 1000.0.0)
    - ReactCommon/turbomodule/core (= 1000.0.0)
  - Flipper (0.182.0):
    - Flipper-Folly (~> 2.6)
  - Flipper-Boost-iOSX (1.76.0.1.11)
  - Flipper-DoubleConversion (3.2.0.1)
  - Flipper-Fmt (7.1.7)
  - Flipper-Folly (2.6.10):
    - Flipper-Boost-iOSX
    - Flipper-DoubleConversion
    - Flipper-Fmt (= 7.1.7)
    - Flipper-Glog
    - libevent (~> 2.1.12)
    - OpenSSL-Universal (= 1.1.1100)
  - Flipper-Glog (0.5.0.5)
  - Flipper-PeerTalk (0.0.4)
  - FlipperKit (0.182.0):
    - FlipperKit/Core (= 0.182.0)
  - FlipperKit/Core (0.182.0):
    - Flipper (~> 0.182.0)
    - FlipperKit/CppBridge
    - FlipperKit/FBCxxFollyDynamicConvert
    - FlipperKit/FBDefines
    - FlipperKit/FKPortForwarding
    - SocketRocket (~> 0.6.0)
  - FlipperKit/CppBridge (0.182.0):
    - Flipper (~> 0.182.0)
  - FlipperKit/FBCxxFollyDynamicConvert (0.182.0):
    - Flipper-Folly (~> 2.6)
  - FlipperKit/FBDefines (0.182.0)
  - FlipperKit/FKPortForwarding (0.182.0):
    - CocoaAsyncSocket (~> 7.6)
    - Flipper-PeerTalk (~> 0.0.4)
  - FlipperKit/FlipperKitHighlightOverlay (0.182.0)
  - FlipperKit/FlipperKitLayoutHelpers (0.182.0):
    - FlipperKit/Core
    - FlipperKit/FlipperKitHighlightOverlay
    - FlipperKit/FlipperKitLayoutTextSearchable
  - FlipperKit/FlipperKitLayoutIOSDescriptors (0.182.0):
    - FlipperKit/Core
    - FlipperKit/FlipperKitHighlightOverlay
    - FlipperKit/FlipperKitLayoutHelpers
    - YogaKit (~> 1.18)
  - FlipperKit/FlipperKitLayoutPlugin (0.182.0):
    - FlipperKit/Core
    - FlipperKit/FlipperKitHighlightOverlay
    - FlipperKit/FlipperKitLayoutHelpers
    - FlipperKit/FlipperKitLayoutIOSDescriptors
    - FlipperKit/FlipperKitLayoutTextSearchable
    - YogaKit (~> 1.18)
  - FlipperKit/FlipperKitLayoutTextSearchable (0.182.0)
  - FlipperKit/FlipperKitNetworkPlugin (0.182.0):
    - FlipperKit/Core
  - FlipperKit/FlipperKitReactPlugin (0.182.0):
    - FlipperKit/Core
  - FlipperKit/FlipperKitUserDefaultsPlugin (0.182.0):
    - FlipperKit/Core
  - FlipperKit/SKIOSNetworkPlugin (0.182.0):
    - FlipperKit/Core
    - FlipperKit/FlipperKitNetworkPlugin
  - fmt (6.2.1)
  - glog (0.3.5)
  - hermes-engine (1000.0.0):
    - hermes-engine/Hermes (= 1000.0.0)
    - hermes-engine/JSI (= 1000.0.0)
    - hermes-engine/Public (= 1000.0.0)
  - hermes-engine/Hermes (1000.0.0)
  - hermes-engine/JSI (1000.0.0)
  - hermes-engine/Public (1000.0.0)
  - libevent (2.1.12)
  - OpenSSL-Universal (1.1.1100)
  - RCT-Folly (2021.07.22.00):
    - boost
    - DoubleConversion
    - fmt (~> 6.2.1)
    - glog
    - RCT-Folly/Default (= 2021.07.22.00)
  - RCT-Folly/Default (2021.07.22.00):
    - boost
    - DoubleConversion
    - fmt (~> 6.2.1)
    - glog
  - RCT-Folly/Fabric (2021.07.22.00):
    - boost
    - DoubleConversion
    - fmt (~> 6.2.1)
    - glog
  - RCT-Folly/Futures (2021.07.22.00):
    - boost
    - DoubleConversion
    - fmt (~> 6.2.1)
    - glog
    - libevent
  - RCTRequired (1000.0.0)
  - RCTTypeSafety (1000.0.0):
    - FBLazyVector (= 1000.0.0)
    - RCTRequired (= 1000.0.0)
    - React-Core (= 1000.0.0)
  - React (1000.0.0):
    - React-Core (= 1000.0.0)
    - React-Core/DevSupport (= 1000.0.0)
    - React-Core/RCTWebSocket (= 1000.0.0)
    - React-RCTActionSheet (= 1000.0.0)
    - React-RCTAnimation (= 1000.0.0)
    - React-RCTBlob (= 1000.0.0)
    - React-RCTImage (= 1000.0.0)
    - React-RCTLinking (= 1000.0.0)
    - React-RCTNetwork (= 1000.0.0)
    - React-RCTSettings (= 1000.0.0)
    - React-RCTText (= 1000.0.0)
    - React-RCTVibration (= 1000.0.0)
  - React-callinvoker (1000.0.0)
  - React-Codegen (1000.0.0):
    - FBReactNativeSpec
    - hermes-engine
    - RCT-Folly
    - RCTRequired
    - RCTTypeSafety
    - React-Core
    - React-Fabric
    - React-graphics
    - React-jsi
    - React-jsiexecutor
    - React-rncore
    - ReactCommon/turbomodule/bridging
    - ReactCommon/turbomodule/core
  - React-Core (1000.0.0):
    - glog
    - hermes-engine
    - RCT-Folly (= 2021.07.22.00)
    - React-Core/Default (= 1000.0.0)
    - React-cxxreact (= 1000.0.0)
    - React-hermes
    - React-jsi (= 1000.0.0)
    - React-jsiexecutor (= 1000.0.0)
    - React-perflogger (= 1000.0.0)
    - Yoga
  - React-Core/CoreModulesHeaders (1000.0.0):
    - glog
    - hermes-engine
    - RCT-Folly (= 2021.07.22.00)
    - React-Core/Default
    - React-cxxreact (= 1000.0.0)
    - React-hermes
    - React-jsi (= 1000.0.0)
    - React-jsiexecutor (= 1000.0.0)
    - React-perflogger (= 1000.0.0)
    - Yoga
  - React-Core/Default (1000.0.0):
    - glog
    - hermes-engine
    - RCT-Folly (= 2021.07.22.00)
    - React-cxxreact (= 1000.0.0)
    - React-hermes
    - React-jsi (= 1000.0.0)
    - React-jsiexecutor (= 1000.0.0)
    - React-perflogger (= 1000.0.0)
    - Yoga
  - React-Core/DevSupport (1000.0.0):
    - glog
    - hermes-engine
    - RCT-Folly (= 2021.07.22.00)
    - React-Core/Default (= 1000.0.0)
    - React-Core/RCTWebSocket (= 1000.0.0)
    - React-cxxreact (= 1000.0.0)
    - React-hermes
    - React-jsi (= 1000.0.0)
    - React-jsiexecutor (= 1000.0.0)
    - React-jsinspector (= 1000.0.0)
    - React-perflogger (= 1000.0.0)
    - Yoga
  - React-Core/RCTActionSheetHeaders (1000.0.0):
    - glog
    - hermes-engine
    - RCT-Folly (= 2021.07.22.00)
    - React-Core/Default
    - React-cxxreact (= 1000.0.0)
    - React-hermes
    - React-jsi (= 1000.0.0)
    - React-jsiexecutor (= 1000.0.0)
    - React-perflogger (= 1000.0.0)
    - Yoga
  - React-Core/RCTAnimationHeaders (1000.0.0):
    - glog
    - hermes-engine
    - RCT-Folly (= 2021.07.22.00)
    - React-Core/Default
    - React-cxxreact (= 1000.0.0)
    - React-hermes
    - React-jsi (= 1000.0.0)
    - React-jsiexecutor (= 1000.0.0)
    - React-perflogger (= 1000.0.0)
    - Yoga
  - React-Core/RCTBlobHeaders (1000.0.0):
    - glog
    - hermes-engine
    - RCT-Folly (= 2021.07.22.00)
    - React-Core/Default
    - React-cxxreact (= 1000.0.0)
    - React-hermes
    - React-jsi (= 1000.0.0)
    - React-jsiexecutor (= 1000.0.0)
    - React-perflogger (= 1000.0.0)
    - Yoga
  - React-Core/RCTImageHeaders (1000.0.0):
    - glog
    - hermes-engine
    - RCT-Folly (= 2021.07.22.00)
    - React-Core/Default
    - React-cxxreact (= 1000.0.0)
    - React-hermes
    - React-jsi (= 1000.0.0)
    - React-jsiexecutor (= 1000.0.0)
    - React-perflogger (= 1000.0.0)
    - Yoga
  - React-Core/RCTLinkingHeaders (1000.0.0):
    - glog
    - hermes-engine
    - RCT-Folly (= 2021.07.22.00)
    - React-Core/Default
    - React-cxxreact (= 1000.0.0)
    - React-hermes
    - React-jsi (= 1000.0.0)
    - React-jsiexecutor (= 1000.0.0)
    - React-perflogger (= 1000.0.0)
    - Yoga
  - React-Core/RCTNetworkHeaders (1000.0.0):
    - glog
    - hermes-engine
    - RCT-Folly (= 2021.07.22.00)
    - React-Core/Default
    - React-cxxreact (= 1000.0.0)
    - React-hermes
    - React-jsi (= 1000.0.0)
    - React-jsiexecutor (= 1000.0.0)
    - React-perflogger (= 1000.0.0)
    - Yoga
  - React-Core/RCTPushNotificationHeaders (1000.0.0):
    - glog
    - hermes-engine
    - RCT-Folly (= 2021.07.22.00)
    - React-Core/Default
    - React-cxxreact (= 1000.0.0)
    - React-hermes
    - React-jsi (= 1000.0.0)
    - React-jsiexecutor (= 1000.0.0)
    - React-perflogger (= 1000.0.0)
    - Yoga
  - React-Core/RCTSettingsHeaders (1000.0.0):
    - glog
    - hermes-engine
    - RCT-Folly (= 2021.07.22.00)
    - React-Core/Default
    - React-cxxreact (= 1000.0.0)
    - React-hermes
    - React-jsi (= 1000.0.0)
    - React-jsiexecutor (= 1000.0.0)
    - React-perflogger (= 1000.0.0)
    - Yoga
  - React-Core/RCTTextHeaders (1000.0.0):
    - glog
    - hermes-engine
    - RCT-Folly (= 2021.07.22.00)
    - React-Core/Default
    - React-cxxreact (= 1000.0.0)
    - React-hermes
    - React-jsi (= 1000.0.0)
    - React-jsiexecutor (= 1000.0.0)
    - React-perflogger (= 1000.0.0)
    - Yoga
  - React-Core/RCTVibrationHeaders (1000.0.0):
    - glog
    - hermes-engine
    - RCT-Folly (= 2021.07.22.00)
    - React-Core/Default
    - React-cxxreact (= 1000.0.0)
    - React-hermes
    - React-jsi (= 1000.0.0)
    - React-jsiexecutor (= 1000.0.0)
    - React-perflogger (= 1000.0.0)
    - Yoga
  - React-Core/RCTWebSocket (1000.0.0):
    - glog
    - hermes-engine
    - RCT-Folly (= 2021.07.22.00)
    - React-Core/Default (= 1000.0.0)
    - React-cxxreact (= 1000.0.0)
    - React-hermes
    - React-jsi (= 1000.0.0)
    - React-jsiexecutor (= 1000.0.0)
    - React-perflogger (= 1000.0.0)
    - Yoga
  - React-CoreModules (1000.0.0):
    - RCT-Folly (= 2021.07.22.00)
    - RCTTypeSafety (= 1000.0.0)
    - React-Codegen (= 1000.0.0)
    - React-Core/CoreModulesHeaders (= 1000.0.0)
    - React-jsi (= 1000.0.0)
    - React-RCTBlob
    - React-RCTImage (= 1000.0.0)
    - ReactCommon/turbomodule/core (= 1000.0.0)
  - React-cxxreact (1000.0.0):
    - boost (= 1.76.0)
    - DoubleConversion
    - glog
    - hermes-engine
    - RCT-Folly (= 2021.07.22.00)
    - React-callinvoker (= 1000.0.0)
    - React-jsi (= 1000.0.0)
    - React-jsinspector (= 1000.0.0)
    - React-logger (= 1000.0.0)
    - React-perflogger (= 1000.0.0)
    - React-runtimeexecutor (= 1000.0.0)
  - React-Fabric (1000.0.0):
    - RCT-Folly/Fabric (= 2021.07.22.00)
    - RCTRequired (= 1000.0.0)
    - RCTTypeSafety (= 1000.0.0)
    - React-Fabric/animations (= 1000.0.0)
    - React-Fabric/attributedstring (= 1000.0.0)
    - React-Fabric/butter (= 1000.0.0)
    - React-Fabric/componentregistry (= 1000.0.0)
    - React-Fabric/componentregistrynative (= 1000.0.0)
    - React-Fabric/components (= 1000.0.0)
    - React-Fabric/config (= 1000.0.0)
    - React-Fabric/core (= 1000.0.0)
    - React-Fabric/debug_core (= 1000.0.0)
    - React-Fabric/debug_renderer (= 1000.0.0)
    - React-Fabric/imagemanager (= 1000.0.0)
    - React-Fabric/leakchecker (= 1000.0.0)
    - React-Fabric/mapbuffer (= 1000.0.0)
    - React-Fabric/mounting (= 1000.0.0)
    - React-Fabric/runtimescheduler (= 1000.0.0)
    - React-Fabric/scheduler (= 1000.0.0)
    - React-Fabric/telemetry (= 1000.0.0)
    - React-Fabric/templateprocessor (= 1000.0.0)
    - React-Fabric/textlayoutmanager (= 1000.0.0)
    - React-Fabric/uimanager (= 1000.0.0)
    - React-Fabric/utils (= 1000.0.0)
    - React-graphics (= 1000.0.0)
    - React-jsi (= 1000.0.0)
    - React-jsiexecutor (= 1000.0.0)
    - ReactCommon/turbomodule/core (= 1000.0.0)
  - React-Fabric/animations (1000.0.0):
    - RCT-Folly/Fabric (= 2021.07.22.00)
    - RCTRequired (= 1000.0.0)
    - RCTTypeSafety (= 1000.0.0)
    - React-graphics (= 1000.0.0)
    - React-jsi (= 1000.0.0)
    - React-jsiexecutor (= 1000.0.0)
    - ReactCommon/turbomodule/core (= 1000.0.0)
  - React-Fabric/attributedstring (1000.0.0):
    - RCT-Folly/Fabric (= 2021.07.22.00)
    - RCTRequired (= 1000.0.0)
    - RCTTypeSafety (= 1000.0.0)
    - React-graphics (= 1000.0.0)
    - React-jsi (= 1000.0.0)
    - React-jsiexecutor (= 1000.0.0)
    - ReactCommon/turbomodule/core (= 1000.0.0)
  - React-Fabric/butter (1000.0.0):
    - RCT-Folly/Fabric (= 2021.07.22.00)
    - RCTRequired (= 1000.0.0)
    - RCTTypeSafety (= 1000.0.0)
    - React-graphics (= 1000.0.0)
    - React-jsi (= 1000.0.0)
    - React-jsiexecutor (= 1000.0.0)
    - ReactCommon/turbomodule/core (= 1000.0.0)
  - React-Fabric/componentregistry (1000.0.0):
    - RCT-Folly/Fabric (= 2021.07.22.00)
    - RCTRequired (= 1000.0.0)
    - RCTTypeSafety (= 1000.0.0)
    - React-graphics (= 1000.0.0)
    - React-jsi (= 1000.0.0)
    - React-jsiexecutor (= 1000.0.0)
    - ReactCommon/turbomodule/core (= 1000.0.0)
  - React-Fabric/componentregistrynative (1000.0.0):
    - RCT-Folly/Fabric (= 2021.07.22.00)
    - RCTRequired (= 1000.0.0)
    - RCTTypeSafety (= 1000.0.0)
    - React-graphics (= 1000.0.0)
    - React-jsi (= 1000.0.0)
    - React-jsiexecutor (= 1000.0.0)
    - ReactCommon/turbomodule/core (= 1000.0.0)
  - React-Fabric/components (1000.0.0):
    - RCT-Folly/Fabric (= 2021.07.22.00)
    - RCTRequired (= 1000.0.0)
    - RCTTypeSafety (= 1000.0.0)
    - React-Fabric/components/activityindicator (= 1000.0.0)
    - React-Fabric/components/image (= 1000.0.0)
    - React-Fabric/components/inputaccessory (= 1000.0.0)
    - React-Fabric/components/legacyviewmanagerinterop (= 1000.0.0)
    - React-Fabric/components/modal (= 1000.0.0)
    - React-Fabric/components/rncore (= 1000.0.0)
    - React-Fabric/components/root (= 1000.0.0)
    - React-Fabric/components/safeareaview (= 1000.0.0)
    - React-Fabric/components/scrollview (= 1000.0.0)
    - React-Fabric/components/text (= 1000.0.0)
    - React-Fabric/components/textinput (= 1000.0.0)
    - React-Fabric/components/unimplementedview (= 1000.0.0)
    - React-Fabric/components/view (= 1000.0.0)
    - React-graphics (= 1000.0.0)
    - React-jsi (= 1000.0.0)
    - React-jsiexecutor (= 1000.0.0)
    - ReactCommon/turbomodule/core (= 1000.0.0)
  - React-Fabric/components/activityindicator (1000.0.0):
    - RCT-Folly/Fabric (= 2021.07.22.00)
    - RCTRequired (= 1000.0.0)
    - RCTTypeSafety (= 1000.0.0)
    - React-graphics (= 1000.0.0)
    - React-jsi (= 1000.0.0)
    - React-jsiexecutor (= 1000.0.0)
    - ReactCommon/turbomodule/core (= 1000.0.0)
  - React-Fabric/components/image (1000.0.0):
    - RCT-Folly/Fabric (= 2021.07.22.00)
    - RCTRequired (= 1000.0.0)
    - RCTTypeSafety (= 1000.0.0)
    - React-graphics (= 1000.0.0)
    - React-jsi (= 1000.0.0)
    - React-jsiexecutor (= 1000.0.0)
    - ReactCommon/turbomodule/core (= 1000.0.0)
  - React-Fabric/components/inputaccessory (1000.0.0):
    - RCT-Folly/Fabric (= 2021.07.22.00)
    - RCTRequired (= 1000.0.0)
    - RCTTypeSafety (= 1000.0.0)
    - React-graphics (= 1000.0.0)
    - React-jsi (= 1000.0.0)
    - React-jsiexecutor (= 1000.0.0)
    - ReactCommon/turbomodule/core (= 1000.0.0)
  - React-Fabric/components/legacyviewmanagerinterop (1000.0.0):
    - RCT-Folly/Fabric (= 2021.07.22.00)
    - RCTRequired (= 1000.0.0)
    - RCTTypeSafety (= 1000.0.0)
    - React-graphics (= 1000.0.0)
    - React-jsi (= 1000.0.0)
    - React-jsiexecutor (= 1000.0.0)
    - ReactCommon/turbomodule/core (= 1000.0.0)
  - React-Fabric/components/modal (1000.0.0):
    - RCT-Folly/Fabric (= 2021.07.22.00)
    - RCTRequired (= 1000.0.0)
    - RCTTypeSafety (= 1000.0.0)
    - React-graphics (= 1000.0.0)
    - React-jsi (= 1000.0.0)
    - React-jsiexecutor (= 1000.0.0)
    - ReactCommon/turbomodule/core (= 1000.0.0)
  - React-Fabric/components/rncore (1000.0.0):
    - RCT-Folly/Fabric (= 2021.07.22.00)
    - RCTRequired (= 1000.0.0)
    - RCTTypeSafety (= 1000.0.0)
    - React-graphics (= 1000.0.0)
    - React-jsi (= 1000.0.0)
    - React-jsiexecutor (= 1000.0.0)
    - ReactCommon/turbomodule/core (= 1000.0.0)
  - React-Fabric/components/root (1000.0.0):
    - RCT-Folly/Fabric (= 2021.07.22.00)
    - RCTRequired (= 1000.0.0)
    - RCTTypeSafety (= 1000.0.0)
    - React-graphics (= 1000.0.0)
    - React-jsi (= 1000.0.0)
    - React-jsiexecutor (= 1000.0.0)
    - ReactCommon/turbomodule/core (= 1000.0.0)
  - React-Fabric/components/safeareaview (1000.0.0):
    - RCT-Folly/Fabric (= 2021.07.22.00)
    - RCTRequired (= 1000.0.0)
    - RCTTypeSafety (= 1000.0.0)
    - React-graphics (= 1000.0.0)
    - React-jsi (= 1000.0.0)
    - React-jsiexecutor (= 1000.0.0)
    - ReactCommon/turbomodule/core (= 1000.0.0)
  - React-Fabric/components/scrollview (1000.0.0):
    - RCT-Folly/Fabric (= 2021.07.22.00)
    - RCTRequired (= 1000.0.0)
    - RCTTypeSafety (= 1000.0.0)
    - React-graphics (= 1000.0.0)
    - React-jsi (= 1000.0.0)
    - React-jsiexecutor (= 1000.0.0)
    - ReactCommon/turbomodule/core (= 1000.0.0)
  - React-Fabric/components/text (1000.0.0):
    - RCT-Folly/Fabric (= 2021.07.22.00)
    - RCTRequired (= 1000.0.0)
    - RCTTypeSafety (= 1000.0.0)
    - React-graphics (= 1000.0.0)
    - React-jsi (= 1000.0.0)
    - React-jsiexecutor (= 1000.0.0)
    - ReactCommon/turbomodule/core (= 1000.0.0)
  - React-Fabric/components/textinput (1000.0.0):
    - RCT-Folly/Fabric (= 2021.07.22.00)
    - RCTRequired (= 1000.0.0)
    - RCTTypeSafety (= 1000.0.0)
    - React-graphics (= 1000.0.0)
    - React-jsi (= 1000.0.0)
    - React-jsiexecutor (= 1000.0.0)
    - ReactCommon/turbomodule/core (= 1000.0.0)
  - React-Fabric/components/unimplementedview (1000.0.0):
    - RCT-Folly/Fabric (= 2021.07.22.00)
    - RCTRequired (= 1000.0.0)
    - RCTTypeSafety (= 1000.0.0)
    - React-graphics (= 1000.0.0)
    - React-jsi (= 1000.0.0)
    - React-jsiexecutor (= 1000.0.0)
    - ReactCommon/turbomodule/core (= 1000.0.0)
  - React-Fabric/components/view (1000.0.0):
    - RCT-Folly/Fabric (= 2021.07.22.00)
    - RCTRequired (= 1000.0.0)
    - RCTTypeSafety (= 1000.0.0)
    - React-graphics (= 1000.0.0)
    - React-jsi (= 1000.0.0)
    - React-jsiexecutor (= 1000.0.0)
    - ReactCommon/turbomodule/core (= 1000.0.0)
    - Yoga
  - React-Fabric/config (1000.0.0):
    - RCT-Folly/Fabric (= 2021.07.22.00)
    - RCTRequired (= 1000.0.0)
    - RCTTypeSafety (= 1000.0.0)
    - React-graphics (= 1000.0.0)
    - React-jsi (= 1000.0.0)
    - React-jsiexecutor (= 1000.0.0)
    - ReactCommon/turbomodule/core (= 1000.0.0)
  - React-Fabric/core (1000.0.0):
    - RCT-Folly/Fabric (= 2021.07.22.00)
    - RCTRequired (= 1000.0.0)
    - RCTTypeSafety (= 1000.0.0)
    - React-graphics (= 1000.0.0)
    - React-jsi (= 1000.0.0)
    - React-jsiexecutor (= 1000.0.0)
    - ReactCommon/turbomodule/core (= 1000.0.0)
  - React-Fabric/debug_core (1000.0.0):
    - RCT-Folly/Fabric (= 2021.07.22.00)
    - RCTRequired (= 1000.0.0)
    - RCTTypeSafety (= 1000.0.0)
    - React-graphics (= 1000.0.0)
    - React-jsi (= 1000.0.0)
    - React-jsiexecutor (= 1000.0.0)
    - ReactCommon/turbomodule/core (= 1000.0.0)
  - React-Fabric/debug_renderer (1000.0.0):
    - RCT-Folly/Fabric (= 2021.07.22.00)
    - RCTRequired (= 1000.0.0)
    - RCTTypeSafety (= 1000.0.0)
    - React-graphics (= 1000.0.0)
    - React-jsi (= 1000.0.0)
    - React-jsiexecutor (= 1000.0.0)
    - ReactCommon/turbomodule/core (= 1000.0.0)
  - React-Fabric/imagemanager (1000.0.0):
    - RCT-Folly/Fabric (= 2021.07.22.00)
    - RCTRequired (= 1000.0.0)
    - RCTTypeSafety (= 1000.0.0)
    - React-graphics (= 1000.0.0)
    - React-jsi (= 1000.0.0)
    - React-jsiexecutor (= 1000.0.0)
    - ReactCommon/turbomodule/core (= 1000.0.0)
  - React-Fabric/leakchecker (1000.0.0):
    - RCT-Folly/Fabric (= 2021.07.22.00)
    - RCTRequired (= 1000.0.0)
    - RCTTypeSafety (= 1000.0.0)
    - React-graphics (= 1000.0.0)
    - React-jsi (= 1000.0.0)
    - React-jsiexecutor (= 1000.0.0)
    - ReactCommon/turbomodule/core (= 1000.0.0)
  - React-Fabric/mapbuffer (1000.0.0):
    - RCT-Folly/Fabric (= 2021.07.22.00)
    - RCTRequired (= 1000.0.0)
    - RCTTypeSafety (= 1000.0.0)
    - React-graphics (= 1000.0.0)
    - React-jsi (= 1000.0.0)
    - React-jsiexecutor (= 1000.0.0)
    - ReactCommon/turbomodule/core (= 1000.0.0)
  - React-Fabric/mounting (1000.0.0):
    - RCT-Folly/Fabric (= 2021.07.22.00)
    - RCTRequired (= 1000.0.0)
    - RCTTypeSafety (= 1000.0.0)
    - React-graphics (= 1000.0.0)
    - React-jsi (= 1000.0.0)
    - React-jsiexecutor (= 1000.0.0)
    - ReactCommon/turbomodule/core (= 1000.0.0)
  - React-Fabric/runtimescheduler (1000.0.0):
    - RCT-Folly/Fabric (= 2021.07.22.00)
    - RCTRequired (= 1000.0.0)
    - RCTTypeSafety (= 1000.0.0)
    - React-graphics (= 1000.0.0)
    - React-jsi (= 1000.0.0)
    - React-jsiexecutor (= 1000.0.0)
    - ReactCommon/turbomodule/core (= 1000.0.0)
  - React-Fabric/scheduler (1000.0.0):
    - RCT-Folly/Fabric (= 2021.07.22.00)
    - RCTRequired (= 1000.0.0)
    - RCTTypeSafety (= 1000.0.0)
    - React-graphics (= 1000.0.0)
    - React-jsi (= 1000.0.0)
    - React-jsiexecutor (= 1000.0.0)
    - ReactCommon/turbomodule/core (= 1000.0.0)
  - React-Fabric/telemetry (1000.0.0):
    - RCT-Folly/Fabric (= 2021.07.22.00)
    - RCTRequired (= 1000.0.0)
    - RCTTypeSafety (= 1000.0.0)
    - React-graphics (= 1000.0.0)
    - React-jsi (= 1000.0.0)
    - React-jsiexecutor (= 1000.0.0)
    - ReactCommon/turbomodule/core (= 1000.0.0)
  - React-Fabric/templateprocessor (1000.0.0):
    - RCT-Folly/Fabric (= 2021.07.22.00)
    - RCTRequired (= 1000.0.0)
    - RCTTypeSafety (= 1000.0.0)
    - React-graphics (= 1000.0.0)
    - React-jsi (= 1000.0.0)
    - React-jsiexecutor (= 1000.0.0)
    - ReactCommon/turbomodule/core (= 1000.0.0)
  - React-Fabric/textlayoutmanager (1000.0.0):
    - RCT-Folly/Fabric (= 2021.07.22.00)
    - RCTRequired (= 1000.0.0)
    - RCTTypeSafety (= 1000.0.0)
    - React-Fabric/uimanager
    - React-graphics (= 1000.0.0)
    - React-jsi (= 1000.0.0)
    - React-jsiexecutor (= 1000.0.0)
    - ReactCommon/turbomodule/core (= 1000.0.0)
  - React-Fabric/uimanager (1000.0.0):
    - RCT-Folly/Fabric (= 2021.07.22.00)
    - RCTRequired (= 1000.0.0)
    - RCTTypeSafety (= 1000.0.0)
    - React-graphics (= 1000.0.0)
    - React-jsi (= 1000.0.0)
    - React-jsiexecutor (= 1000.0.0)
    - ReactCommon/turbomodule/core (= 1000.0.0)
  - React-Fabric/utils (1000.0.0):
    - RCT-Folly/Fabric (= 2021.07.22.00)
    - RCTRequired (= 1000.0.0)
    - RCTTypeSafety (= 1000.0.0)
    - React-graphics (= 1000.0.0)
    - React-jsi (= 1000.0.0)
    - React-jsiexecutor (= 1000.0.0)
    - ReactCommon/turbomodule/core (= 1000.0.0)
  - React-graphics (1000.0.0):
    - glog
    - RCT-Folly/Fabric (= 2021.07.22.00)
    - React-Core/Default (= 1000.0.0)
  - React-hermes (1000.0.0):
    - DoubleConversion
    - glog
    - hermes-engine
    - RCT-Folly (= 2021.07.22.00)
    - RCT-Folly/Futures (= 2021.07.22.00)
    - React-cxxreact (= 1000.0.0)
    - React-jsi
    - React-jsiexecutor (= 1000.0.0)
    - React-jsinspector (= 1000.0.0)
    - React-perflogger (= 1000.0.0)
  - React-ImageManager (1000.0.0):
    - RCT-Folly/Fabric
    - React-Core/Default
    - React-Fabric
    - React-RCTImage
  - React-jsi (1000.0.0):
    - boost (= 1.76.0)
    - DoubleConversion
    - glog
    - hermes-engine
    - RCT-Folly (= 2021.07.22.00)
  - React-jsiexecutor (1000.0.0):
    - DoubleConversion
    - glog
    - hermes-engine
    - RCT-Folly (= 2021.07.22.00)
    - React-cxxreact (= 1000.0.0)
    - React-jsi (= 1000.0.0)
    - React-perflogger (= 1000.0.0)
  - React-jsinspector (1000.0.0)
  - React-logger (1000.0.0):
    - glog
  - React-perflogger (1000.0.0)
  - React-RCTActionSheet (1000.0.0):
    - React-Core/RCTActionSheetHeaders (= 1000.0.0)
  - React-RCTAnimation (1000.0.0):
    - RCT-Folly (= 2021.07.22.00)
    - RCTTypeSafety (= 1000.0.0)
    - React-Codegen (= 1000.0.0)
    - React-Core/RCTAnimationHeaders (= 1000.0.0)
    - React-jsi (= 1000.0.0)
    - ReactCommon/turbomodule/core (= 1000.0.0)
  - React-RCTAppDelegate (1000.0.0):
    - RCT-Folly
    - RCTRequired
    - RCTTypeSafety
    - React-Core
    - ReactCommon/turbomodule/core
  - React-RCTBlob (1000.0.0):
    - hermes-engine
    - RCT-Folly (= 2021.07.22.00)
    - React-Codegen (= 1000.0.0)
    - React-Core/RCTBlobHeaders (= 1000.0.0)
    - React-Core/RCTWebSocket (= 1000.0.0)
    - React-jsi (= 1000.0.0)
    - React-RCTNetwork (= 1000.0.0)
    - ReactCommon/turbomodule/core (= 1000.0.0)
  - React-RCTFabric (1000.0.0):
    - RCT-Folly/Fabric (= 2021.07.22.00)
    - React-Core (= 1000.0.0)
    - React-Fabric (= 1000.0.0)
    - React-ImageManager
    - React-RCTImage (= 1000.0.0)
  - React-RCTImage (1000.0.0):
    - RCT-Folly (= 2021.07.22.00)
    - RCTTypeSafety (= 1000.0.0)
    - React-Codegen (= 1000.0.0)
    - React-Core/RCTImageHeaders (= 1000.0.0)
    - React-jsi (= 1000.0.0)
    - React-RCTNetwork (= 1000.0.0)
    - ReactCommon/turbomodule/core (= 1000.0.0)
  - React-RCTLinking (1000.0.0):
    - React-Codegen (= 1000.0.0)
    - React-Core/RCTLinkingHeaders (= 1000.0.0)
    - React-jsi (= 1000.0.0)
    - ReactCommon/turbomodule/core (= 1000.0.0)
  - React-RCTNetwork (1000.0.0):
    - RCT-Folly (= 2021.07.22.00)
    - RCTTypeSafety (= 1000.0.0)
    - React-Codegen (= 1000.0.0)
    - React-Core/RCTNetworkHeaders (= 1000.0.0)
    - React-jsi (= 1000.0.0)
    - ReactCommon/turbomodule/core (= 1000.0.0)
  - React-RCTPushNotification (1000.0.0):
    - RCTTypeSafety (= 1000.0.0)
    - React-Codegen (= 1000.0.0)
    - React-Core/RCTPushNotificationHeaders (= 1000.0.0)
    - React-jsi (= 1000.0.0)
    - ReactCommon/turbomodule/core (= 1000.0.0)
  - React-RCTSettings (1000.0.0):
    - RCT-Folly (= 2021.07.22.00)
    - RCTTypeSafety (= 1000.0.0)
    - React-Codegen (= 1000.0.0)
    - React-Core/RCTSettingsHeaders (= 1000.0.0)
    - React-jsi (= 1000.0.0)
    - ReactCommon/turbomodule/core (= 1000.0.0)
  - React-RCTTest (1000.0.0):
    - RCT-Folly (= 2021.07.22.00)
    - React-Core (= 1000.0.0)
    - React-CoreModules (= 1000.0.0)
    - React-jsi (= 1000.0.0)
    - ReactCommon/turbomodule/core (= 1000.0.0)
  - React-RCTText (1000.0.0):
    - React-Core/RCTTextHeaders (= 1000.0.0)
  - React-RCTVibration (1000.0.0):
    - RCT-Folly (= 2021.07.22.00)
    - React-Codegen (= 1000.0.0)
    - React-Core/RCTVibrationHeaders (= 1000.0.0)
    - React-jsi (= 1000.0.0)
    - ReactCommon/turbomodule/core (= 1000.0.0)
  - React-rncore (1000.0.0)
  - React-runtimeexecutor (1000.0.0):
    - React-jsi (= 1000.0.0)
  - ReactCommon/turbomodule/bridging (1000.0.0):
    - DoubleConversion
    - glog
    - hermes-engine
    - RCT-Folly (= 2021.07.22.00)
    - React-callinvoker (= 1000.0.0)
    - React-Core (= 1000.0.0)
    - React-cxxreact (= 1000.0.0)
    - React-jsi (= 1000.0.0)
    - React-logger (= 1000.0.0)
    - React-perflogger (= 1000.0.0)
  - ReactCommon/turbomodule/core (1000.0.0):
    - DoubleConversion
    - glog
    - hermes-engine
    - RCT-Folly (= 2021.07.22.00)
    - React-callinvoker (= 1000.0.0)
    - React-Core (= 1000.0.0)
    - React-cxxreact (= 1000.0.0)
    - React-jsi (= 1000.0.0)
    - React-logger (= 1000.0.0)
    - React-perflogger (= 1000.0.0)
  - ReactCommon/turbomodule/samples (1000.0.0):
    - DoubleConversion
    - glog
    - hermes-engine
    - RCT-Folly (= 2021.07.22.00)
    - React-callinvoker (= 1000.0.0)
    - React-Core (= 1000.0.0)
    - React-cxxreact (= 1000.0.0)
    - React-jsi (= 1000.0.0)
    - React-logger (= 1000.0.0)
    - React-perflogger (= 1000.0.0)
    - ReactCommon/turbomodule/core (= 1000.0.0)
  - ScreenshotManager (0.0.1):
    - RCT-Folly (= 2021.07.22.00)
    - React-Core
  - SocketRocket (0.6.0)
  - Yoga (1.14.0)
  - YogaKit (1.18.1):
    - Yoga (~> 1.14)

DEPENDENCIES:
  - boost (from `../../third-party-podspecs/boost.podspec`)
  - DoubleConversion (from `../../third-party-podspecs/DoubleConversion.podspec`)
  - FBLazyVector (from `../../Libraries/FBLazyVector`)
  - FBReactNativeSpec (from `../../React/FBReactNativeSpec`)
  - Flipper (= 0.182.0)
  - Flipper-Boost-iOSX (= 1.76.0.1.11)
  - Flipper-DoubleConversion (= 3.2.0.1)
  - Flipper-Fmt (= 7.1.7)
  - Flipper-Folly (= 2.6.10)
  - Flipper-Glog (= 0.5.0.5)
  - Flipper-PeerTalk (= 0.0.4)
  - FlipperKit (= 0.182.0)
  - FlipperKit/Core (= 0.182.0)
  - FlipperKit/CppBridge (= 0.182.0)
  - FlipperKit/FBCxxFollyDynamicConvert (= 0.182.0)
  - FlipperKit/FBDefines (= 0.182.0)
  - FlipperKit/FKPortForwarding (= 0.182.0)
  - FlipperKit/FlipperKitHighlightOverlay (= 0.182.0)
  - FlipperKit/FlipperKitLayoutPlugin (= 0.182.0)
  - FlipperKit/FlipperKitLayoutTextSearchable (= 0.182.0)
  - FlipperKit/FlipperKitNetworkPlugin (= 0.182.0)
  - FlipperKit/FlipperKitReactPlugin (= 0.182.0)
  - FlipperKit/FlipperKitUserDefaultsPlugin (= 0.182.0)
  - FlipperKit/SKIOSNetworkPlugin (= 0.182.0)
  - glog (from `../../third-party-podspecs/glog.podspec`)
  - hermes-engine (from `../../sdks/hermes/hermes-engine.podspec`)
  - libevent (~> 2.1.12)
  - OpenSSL-Universal (= 1.1.1100)
  - RCT-Folly (from `../../third-party-podspecs/RCT-Folly.podspec`)
  - RCT-Folly/Fabric (from `../../third-party-podspecs/RCT-Folly.podspec`)
  - RCTRequired (from `../../Libraries/RCTRequired`)
  - RCTTypeSafety (from `../../Libraries/TypeSafety`)
  - React (from `../../`)
  - React-callinvoker (from `../../ReactCommon/callinvoker`)
  - React-Codegen (from `build/generated/ios`)
  - React-Core (from `../../`)
  - React-Core/DevSupport (from `../../`)
  - React-Core/RCTWebSocket (from `../../`)
  - React-CoreModules (from `../../React/CoreModules`)
  - React-cxxreact (from `../../ReactCommon/cxxreact`)
  - React-Fabric (from `../../ReactCommon`)
  - React-graphics (from `../../ReactCommon/react/renderer/graphics`)
  - React-hermes (from `../../ReactCommon/hermes`)
  - React-ImageManager (from `../../ReactCommon/react/renderer/imagemanager/platform/ios`)
  - React-jsi (from `../../ReactCommon/jsi`)
  - React-jsiexecutor (from `../../ReactCommon/jsiexecutor`)
  - React-jsinspector (from `../../ReactCommon/jsinspector`)
  - React-logger (from `../../ReactCommon/logger`)
  - React-perflogger (from `../../ReactCommon/reactperflogger`)
  - React-RCTActionSheet (from `../../Libraries/ActionSheetIOS`)
  - React-RCTAnimation (from `../../Libraries/NativeAnimation`)
  - React-RCTAppDelegate (from `../../Libraries/AppDelegate`)
  - React-RCTBlob (from `../../Libraries/Blob`)
  - React-RCTFabric (from `../../React`)
  - React-RCTImage (from `../../Libraries/Image`)
  - React-RCTLinking (from `../../Libraries/LinkingIOS`)
  - React-RCTNetwork (from `../../Libraries/Network`)
  - React-RCTPushNotification (from `../../Libraries/PushNotificationIOS`)
  - React-RCTSettings (from `../../Libraries/Settings`)
  - React-RCTTest (from `./RCTTest`)
  - React-RCTText (from `../../Libraries/Text`)
  - React-RCTVibration (from `../../Libraries/Vibration`)
  - React-rncore (from `../../ReactCommon`)
  - React-runtimeexecutor (from `../../ReactCommon/runtimeexecutor`)
  - ReactCommon/turbomodule/core (from `../../ReactCommon`)
  - ReactCommon/turbomodule/samples (from `../../ReactCommon`)
  - ScreenshotManager (from `NativeModuleExample`)
  - Yoga (from `../../ReactCommon/yoga`)

SPEC REPOS:
  trunk:
    - CocoaAsyncSocket
    - Flipper
    - Flipper-Boost-iOSX
    - Flipper-DoubleConversion
    - Flipper-Fmt
    - Flipper-Folly
    - Flipper-Glog
    - Flipper-PeerTalk
    - FlipperKit
    - fmt
    - libevent
    - OpenSSL-Universal
    - SocketRocket
    - YogaKit

EXTERNAL SOURCES:
  boost:
    :podspec: "../../third-party-podspecs/boost.podspec"
  DoubleConversion:
    :podspec: "../../third-party-podspecs/DoubleConversion.podspec"
  FBLazyVector:
    :path: "../../Libraries/FBLazyVector"
  FBReactNativeSpec:
    :path: "../../React/FBReactNativeSpec"
  glog:
    :podspec: "../../third-party-podspecs/glog.podspec"
  hermes-engine:
    :podspec: "../../sdks/hermes/hermes-engine.podspec"
  RCT-Folly:
    :podspec: "../../third-party-podspecs/RCT-Folly.podspec"
  RCTRequired:
    :path: "../../Libraries/RCTRequired"
  RCTTypeSafety:
    :path: "../../Libraries/TypeSafety"
  React:
    :path: "../../"
  React-callinvoker:
    :path: "../../ReactCommon/callinvoker"
  React-Codegen:
    :path: build/generated/ios
  React-Core:
    :path: "../../"
  React-CoreModules:
    :path: "../../React/CoreModules"
  React-cxxreact:
    :path: "../../ReactCommon/cxxreact"
  React-Fabric:
    :path: "../../ReactCommon"
  React-graphics:
    :path: "../../ReactCommon/react/renderer/graphics"
  React-hermes:
    :path: "../../ReactCommon/hermes"
  React-ImageManager:
    :path: "../../ReactCommon/react/renderer/imagemanager/platform/ios"
  React-jsi:
    :path: "../../ReactCommon/jsi"
  React-jsiexecutor:
    :path: "../../ReactCommon/jsiexecutor"
  React-jsinspector:
    :path: "../../ReactCommon/jsinspector"
  React-logger:
    :path: "../../ReactCommon/logger"
  React-perflogger:
    :path: "../../ReactCommon/reactperflogger"
  React-RCTActionSheet:
    :path: "../../Libraries/ActionSheetIOS"
  React-RCTAnimation:
    :path: "../../Libraries/NativeAnimation"
  React-RCTAppDelegate:
    :path: "../../Libraries/AppDelegate"
  React-RCTBlob:
    :path: "../../Libraries/Blob"
  React-RCTFabric:
    :path: "../../React"
  React-RCTImage:
    :path: "../../Libraries/Image"
  React-RCTLinking:
    :path: "../../Libraries/LinkingIOS"
  React-RCTNetwork:
    :path: "../../Libraries/Network"
  React-RCTPushNotification:
    :path: "../../Libraries/PushNotificationIOS"
  React-RCTSettings:
    :path: "../../Libraries/Settings"
  React-RCTTest:
    :path: "./RCTTest"
  React-RCTText:
    :path: "../../Libraries/Text"
  React-RCTVibration:
    :path: "../../Libraries/Vibration"
  React-rncore:
    :path: "../../ReactCommon"
  React-runtimeexecutor:
    :path: "../../ReactCommon/runtimeexecutor"
  ReactCommon:
    :path: "../../ReactCommon"
  ScreenshotManager:
    :path: NativeModuleExample
  Yoga:
    :path: "../../ReactCommon/yoga"

SPEC CHECKSUMS:
  boost: 57d2868c099736d80fcd648bf211b4431e51a558
  CocoaAsyncSocket: 065fd1e645c7abab64f7a6a2007a48038fdc6a99
  DoubleConversion: 5189b271737e1565bdce30deb4a08d647e3f5f54
  FBLazyVector: f41e2d99f2cb1d7bffa8a820fe98d5b38c2381b1
  FBReactNativeSpec: 5425704d941e491000f3b070149fb9952b4ef481
  Flipper: 6edb735e6c3e332975d1b17956bcc584eccf5818
  Flipper-Boost-iOSX: fd1e2b8cbef7e662a122412d7ac5f5bea715403c
  Flipper-DoubleConversion: 2dc99b02f658daf147069aad9dbd29d8feb06d30
  Flipper-Fmt: 60cbdd92fc254826e61d669a5d87ef7015396a9b
  Flipper-Folly: 584845625005ff068a6ebf41f857f468decd26b3
  Flipper-Glog: 70c50ce58ddaf67dc35180db05f191692570f446
  Flipper-PeerTalk: 116d8f857dc6ef55c7a5a75ea3ceaafe878aadc9
  FlipperKit: 2efad7007d6745a3f95e4034d547be637f89d3f6
  fmt: ff9d55029c625d3757ed641535fd4a75fedc7ce9
  glog: 04b94705f318337d7ead9e6d17c019bd9b1f6b1b
  hermes-engine: 0f75390ddb615621326c8af1e78d237cb0e60bb1
  libevent: 4049cae6c81cdb3654a443be001fb9bdceff7913
  OpenSSL-Universal: ebc357f1e6bc71fa463ccb2fe676756aff50e88c
  RCT-Folly: 424b8c9a7a0b9ab2886ffe9c3b041ef628fd4fb1
  RCTRequired: 10e76bb1b83cd92c561cf272424b48ca4f87ad4e
  RCTTypeSafety: 5e40f8845609b6a44284f66b8ba5fadcae988540
  React: e25ef97009d54c33f68dfe77b38bcc07940f7f9b
  React-callinvoker: 1053b7c942df4d7cc48783040db80ecb51e6f268
  React-Codegen: 1d5974f7b1384b458c5e38f1aad902d0bfce1c80
  React-Core: 942fa57cdee17831f53ae32af82b7071d2ebd19d
  React-CoreModules: 03c959b57187ac33322a138bb65313bf855d9964
  React-cxxreact: e0366ab218f645625d68ca0632a97de262257aa4
  React-Fabric: f756e9eb8a98c8c09227749d32394e4ae720b170
  React-graphics: 126ea4ca1472bae48d613f5a64d1f672565d5286
  React-hermes: e79fa5c5aa05bc73dee5c12aa393d427619f2fa5
  React-ImageManager: 7e14444354d4ceeb79067441e7fc04c99a2a5029
  React-jsi: 2222b4a13aa5c2b2c1586861ed12934c39a37c09
  React-jsiexecutor: 6a11cbd9fecf52cf0a81930e3e14367449ee1848
  React-jsinspector: 4a7e779ee5e84514fe4680449e82a7558462afc0
  React-logger: de582e4ef75c031cb27c06b26e850590b9309037
  React-perflogger: fbaac680bc74e0615e139deae663c4c3adb6a1dc
  React-RCTActionSheet: 455ae54061dd1cab548f25e66829948bdcba9cb3
  React-RCTAnimation: b7a08bde6799e39ddf954521e36af01b03839bfd
  React-RCTAppDelegate: bf92105d4534b73da4a857ff3e840f3d6d9301c5
  React-RCTBlob: fdad76f46a4d4c8f3157ce75eca237e413ae2816
  React-RCTFabric: b6abe6bfb61ce80f635b7736f45ec66d4a8f5e57
  React-RCTImage: 05980eacf714a963e87cb4737c49ba83f23bcfee
  React-RCTLinking: 947c1f806d8842976aae535a025abb6bb20faedf
  React-RCTNetwork: f78392413b50c1ad0ac020d3fbfc0eb63c36f290
  React-RCTPushNotification: c34e9121ead7a9bbe9548c8d02fa78389310d417
  React-RCTSettings: 330d8b9dc118da52f6ada094ae03ad3caac7dbb1
  React-RCTTest: efb82a0bb8de3b2563f07a4b596515e3e08d0dc2
  React-RCTText: d8c1bfdc248a6f403461e10a4690cc7de94dc625
  React-RCTVibration: de65fb8c17b26cbf173637575390907c3c3a2e50
  React-rncore: 0b36f72b3835be833276cf2a1d607fcb13868868
  React-runtimeexecutor: 657b308a753d1c8480cb0368e7617f59375feffc
  ReactCommon: 79250a8c54dc57373d8960cb457b8897555f4ee6
  ScreenshotManager: fb68e0677077569df974c9cbeaeb54f764d002ba
  SocketRocket: fccef3f9c5cedea1353a9ef6ada904fde10d6608
  Yoga: 59a70bd875080c728eee23ff0cff2aa9db691a05
  YogaKit: f782866e155069a2cca2517aafea43200b01fd5a

PODFILE CHECKSUM: 5f0460f3a7599f90e5d4759fdec7d7343fe7923d

COCOAPODS: 1.11.3
